
Microsoft Visual Studio Solution File, Format Version 12.00
# Visual Studio Version 17
VisualStudioVersion = 17.5.33516.290
MinimumVisualStudioVersion = 10.0.40219.1
Project("{8BC9CEB8-8B4A-11D0-8D11-00A0C91BC942}") = "OOP_FinalProject_ChristopherHainzl", "OOP_FinalProject_ChristopherHainzl\OOP_FinalProject_ChristopherHainzl.vcxproj", "{09EE4740-6D64-4CA6-8F00-FD939C3A5CBC}"
EndProject
Global
	GlobalSection(SolutionConfigurationPlatforms) = preSolution
		Debug|x64 = Debug|x64
		Debug|x86 = Debug|x86
		Release|x64 = Release|x64
		Release|x86 = Release|x86
	EndGlobalSection
	GlobalSection(ProjectConfigurationPlatforms) = postSolution
		{09EE4740-6D64-4CA6-8F00-FD939C3A5CBC}.Debug|x64.ActiveCfg = Debug|x64
		{09EE4740-6D64-4CA6-8F00-FD939C3A5CBC}.Debug|x64.Build.0 = Debug|x64
		{09EE4740-6D64-4CA6-8F00-FD939C3A5CBC}.Debug|x86.ActiveCfg = Debug|Win32
		{09EE4740-6D64-4CA6-8F00-FD939C3A5CBC}.Debug|x86.Build.0 = Debug|Win32
		{09EE4740-6D64-4CA6-8F00-FD939C3A5CBC}.Release|x64.ActiveCfg = Release|x64
		{09EE4740-6D64-4CA6-8F00-FD939C3A5CBC}.Release|x64.Build.0 = Release|x64
		{09EE4740-6D64-4CA6-8F00-FD939C3A5CBC}.Release|x86.ActiveCfg = Release|Win32
		{09EE4740-6D64-4CA6-8F00-FD939C3A5CBC}.Release|x86.Build.0 = Release|Win32
	EndGlobalSection
	GlobalSection(SolutionProperties) = preSolution
		HideSolutionNode = FALSE
	EndGlobalSection
	GlobalSection(ExtensibilityGlobals) = postSolution
		SolutionGuid = {66FA7E63-8619-44B8-A895-F51929A7B42D}
	EndGlobalSection
EndGlobal
