
Microsoft Visual Studio Solution File, Format Version 12.00
# Visual Studio Version 17
VisualStudioVersion = 17.5.33516.290
MinimumVisualStudioVersion = 10.0.40219.1
Project("{888888A0-9F3D-457C-B088-3A5042F75D52}") = "OOP_HW4_Question4_Python", "OOP_HW4_Question4_Python\OOP_HW4_Question4_Python.pyproj", "{055E8A91-D4AC-41F9-8916-3135CE6186C3}"
EndProject
Global
	GlobalSection(SolutionConfigurationPlatforms) = preSolution
		Debug|Any CPU = Debug|Any CPU
		Release|Any CPU = Release|Any CPU
	EndGlobalSection
	GlobalSection(ProjectConfigurationPlatforms) = postSolution
		{055E8A91-D4AC-41F9-8916-3135CE6186C3}.Debug|Any CPU.ActiveCfg = Debug|Any CPU
		{055E8A91-D4AC-41F9-8916-3135CE6186C3}.Release|Any CPU.ActiveCfg = Release|Any CPU
	EndGlobalSection
	GlobalSection(SolutionProperties) = preSolution
		HideSolutionNode = FALSE
	EndGlobalSection
	GlobalSection(ExtensibilityGlobals) = postSolution
		SolutionGuid = {AAD31682-FBD4-487E-8C0A-571922089A12}
	EndGlobalSection
EndGlobal
