
Microsoft Visual Studio Solution File, Format Version 12.00
# Visual Studio Version 17
VisualStudioVersion = 17.4.33205.214
MinimumVisualStudioVersion = 10.0.40219.1
Project("{888888A0-9F3D-457C-B088-3A5042F75D52}") = "Rectangle_Python_ChristopherHainzl", "Rectangle_Python_ChristopherHainzl\Rectangle_Python_ChristopherHainzl.pyproj", "{845216F3-8D82-4A45-ACBD-892035E78B61}"
EndProject
Global
	GlobalSection(SolutionConfigurationPlatforms) = preSolution
		Debug|Any CPU = Debug|Any CPU
		Release|Any CPU = Release|Any CPU
	EndGlobalSection
	GlobalSection(ProjectConfigurationPlatforms) = postSolution
		{845216F3-8D82-4A45-ACBD-892035E78B61}.Debug|Any CPU.ActiveCfg = Debug|Any CPU
		{845216F3-8D82-4A45-ACBD-892035E78B61}.Release|Any CPU.ActiveCfg = Release|Any CPU
	EndGlobalSection
	GlobalSection(SolutionProperties) = preSolution
		HideSolutionNode = FALSE
	EndGlobalSection
	GlobalSection(ExtensibilityGlobals) = postSolution
		SolutionGuid = {2258EC9B-1FE9-4DC7-AFBD-7802E920F99A}
	EndGlobalSection
EndGlobal
